
Microsoft Visual Studio Solution File, Format Version 12.00
# Visual Studio Version 17
VisualStudioVersion = 17.9.34723.18
MinimumVisualStudioVersion = 10.0.40219.1
Project("{FAE04EC0-301F-11D3-BF4B-00C04F79EFBC}") = "CheckBox_Method", "CheckBox_Method.csproj", "{794A106D-04AC-4360-91DF-84DC95A6D97D}"
EndProject
Global
	GlobalSection(SolutionConfigurationPlatforms) = preSolution
		Debug|Any CPU = Debug|Any CPU
		Release|Any CPU = Release|Any CPU
	EndGlobalSection
	GlobalSection(ProjectConfigurationPlatforms) = postSolution
		{794A106D-04AC-4360-91DF-84DC95A6D97D}.Debug|Any CPU.ActiveCfg = Debug|Any CPU
		{794A106D-04AC-4360-91DF-84DC95A6D97D}.Debug|Any CPU.Build.0 = Debug|Any CPU
		{794A106D-04AC-4360-91DF-84DC95A6D97D}.Release|Any CPU.ActiveCfg = Release|Any CPU
		{794A106D-04AC-4360-91DF-84DC95A6D97D}.Release|Any CPU.Build.0 = Release|Any CPU
	EndGlobalSection
	GlobalSection(SolutionProperties) = preSolution
		HideSolutionNode = FALSE
	EndGlobalSection
	GlobalSection(ExtensibilityGlobals) = postSolution
		SolutionGuid = {0E3F95D2-764B-4203-A966-D95B663905D5}
	EndGlobalSection
EndGlobal
